
Microsoft Visual Studio Solution File, Format Version 12.00
# Visual Studio Version 16
VisualStudioVersion = 16.0.31911.196
MinimumVisualStudioVersion = 10.0.40219.1
Project("{FAE04EC0-301F-11D3-BF4B-00C04F79EFBC}") = "GridTutorial.Android", "GridTutorial\GridTutorial.Android\GridTutorial.Android.csproj", "{50848453-4F3B-443E-8422-46E556076EDE}"
EndProject
Project("{FAE04EC0-301F-11D3-BF4B-00C04F79EFBC}") = "GridTutorial.iOS", "GridTutorial\GridTutorial.iOS\GridTutorial.iOS.csproj", "{7748FF80-ED52-47EF-AF24-B78C6D5F59D2}"
EndProject
Project("{FAE04EC0-301F-11D3-BF4B-00C04F79EFBC}") = "GridTutorial", "GridTutorial\GridTutorial\GridTutorial.csproj", "{68458794-4C40-4F72-B1E2-83AF0E662FA8}"
EndProject
Global
	GlobalSection(SolutionConfigurationPlatforms) = preSolution
		Debug|Any CPU = Debug|Any CPU
		Debug|iPhone = Debug|iPhone
		Debug|iPhoneSimulator = Debug|iPhoneSimulator
		Release|Any CPU = Release|Any CPU
		Release|iPhone = Release|iPhone
		Release|iPhoneSimulator = Release|iPhoneSimulator
	EndGlobalSection
	GlobalSection(ProjectConfigurationPlatforms) = postSolution
		{50848453-4F3B-443E-8422-46E556076EDE}.Debug|Any CPU.ActiveCfg = Debug|Any CPU
		{50848453-4F3B-443E-8422-46E556076EDE}.Debug|Any CPU.Build.0 = Debug|Any CPU
		{50848453-4F3B-443E-8422-46E556076EDE}.Debug|Any CPU.Deploy.0 = Debug|Any CPU
		{50848453-4F3B-443E-8422-46E556076EDE}.Debug|iPhone.ActiveCfg = Debug|Any CPU
		{50848453-4F3B-443E-8422-46E556076EDE}.Debug|iPhone.Build.0 = Debug|Any CPU
		{50848453-4F3B-443E-8422-46E556076EDE}.Debug|iPhone.Deploy.0 = Debug|Any CPU
		{50848453-4F3B-443E-8422-46E556076EDE}.Debug|iPhoneSimulator.ActiveCfg = Debug|Any CPU
		{50848453-4F3B-443E-8422-46E556076EDE}.Debug|iPhoneSimulator.Build.0 = Debug|Any CPU
		{50848453-4F3B-443E-8422-46E556076EDE}.Debug|iPhoneSimulator.Deploy.0 = Debug|Any CPU
		{50848453-4F3B-443E-8422-46E556076EDE}.Release|Any CPU.ActiveCfg = Release|Any CPU
		{50848453-4F3B-443E-8422-46E556076EDE}.Release|Any CPU.Build.0 = Release|Any CPU
		{50848453-4F3B-443E-8422-46E556076EDE}.Release|Any CPU.Deploy.0 = Release|Any CPU
		{50848453-4F3B-443E-8422-46E556076EDE}.Release|iPhone.ActiveCfg = Release|Any CPU
		{50848453-4F3B-443E-8422-46E556076EDE}.Release|iPhone.Build.0 = Release|Any CPU
		{50848453-4F3B-443E-8422-46E556076EDE}.Release|iPhone.Deploy.0 = Release|Any CPU
		{50848453-4F3B-443E-8422-46E556076EDE}.Release|iPhoneSimulator.ActiveCfg = Release|Any CPU
		{50848453-4F3B-443E-8422-46E556076EDE}.Release|iPhoneSimulator.Build.0 = Release|Any CPU
		{50848453-4F3B-443E-8422-46E556076EDE}.Release|iPhoneSimulator.Deploy.0 = Release|Any CPU
		{7748FF80-ED52-47EF-AF24-B78C6D5F59D2}.Debug|Any CPU.ActiveCfg = Debug|iPhone
		{7748FF80-ED52-47EF-AF24-B78C6D5F59D2}.Debug|Any CPU.Build.0 = Debug|iPhone
		{7748FF80-ED52-47EF-AF24-B78C6D5F59D2}.Debug|Any CPU.Deploy.0 = Debug|iPhone
		{7748FF80-ED52-47EF-AF24-B78C6D5F59D2}.Debug|iPhone.ActiveCfg = Debug|iPhone
		{7748FF80-ED52-47EF-AF24-B78C6D5F59D2}.Debug|iPhone.Build.0 = Debug|iPhone
		{7748FF80-ED52-47EF-AF24-B78C6D5F59D2}.Debug|iPhone.Deploy.0 = Debug|iPhone
		{7748FF80-ED52-47EF-AF24-B78C6D5F59D2}.Debug|iPhoneSimulator.ActiveCfg = Debug|iPhoneSimulator
		{7748FF80-ED52-47EF-AF24-B78C6D5F59D2}.Debug|iPhoneSimulator.Build.0 = Debug|iPhoneSimulator
		{7748FF80-ED52-47EF-AF24-B78C6D5F59D2}.Debug|iPhoneSimulator.Deploy.0 = Debug|iPhoneSimulator
		{7748FF80-ED52-47EF-AF24-B78C6D5F59D2}.Release|Any CPU.ActiveCfg = Release|iPhoneSimulator
		{7748FF80-ED52-47EF-AF24-B78C6D5F59D2}.Release|Any CPU.Build.0 = Release|iPhoneSimulator
		{7748FF80-ED52-47EF-AF24-B78C6D5F59D2}.Release|Any CPU.Deploy.0 = Release|iPhoneSimulator
		{7748FF80-ED52-47EF-AF24-B78C6D5F59D2}.Release|iPhone.ActiveCfg = Release|iPhone
		{7748FF80-ED52-47EF-AF24-B78C6D5F59D2}.Release|iPhone.Build.0 = Release|iPhone
		{7748FF80-ED52-47EF-AF24-B78C6D5F59D2}.Release|iPhone.Deploy.0 = Release|iPhone
		{7748FF80-ED52-47EF-AF24-B78C6D5F59D2}.Release|iPhoneSimulator.ActiveCfg = Release|iPhoneSimulator
		{7748FF80-ED52-47EF-AF24-B78C6D5F59D2}.Release|iPhoneSimulator.Build.0 = Release|iPhoneSimulator
		{7748FF80-ED52-47EF-AF24-B78C6D5F59D2}.Release|iPhoneSimulator.Deploy.0 = Release|iPhoneSimulator
		{68458794-4C40-4F72-B1E2-83AF0E662FA8}.Debug|Any CPU.ActiveCfg = Debug|Any CPU
		{68458794-4C40-4F72-B1E2-83AF0E662FA8}.Debug|Any CPU.Build.0 = Debug|Any CPU
		{68458794-4C40-4F72-B1E2-83AF0E662FA8}.Debug|Any CPU.Deploy.0 = Debug|Any CPU
		{68458794-4C40-4F72-B1E2-83AF0E662FA8}.Debug|iPhone.ActiveCfg = Debug|Any CPU
		{68458794-4C40-4F72-B1E2-83AF0E662FA8}.Debug|iPhone.Build.0 = Debug|Any CPU
		{68458794-4C40-4F72-B1E2-83AF0E662FA8}.Debug|iPhone.Deploy.0 = Debug|Any CPU
		{68458794-4C40-4F72-B1E2-83AF0E662FA8}.Debug|iPhoneSimulator.ActiveCfg = Debug|Any CPU
		{68458794-4C40-4F72-B1E2-83AF0E662FA8}.Debug|iPhoneSimulator.Build.0 = Debug|Any CPU
		{68458794-4C40-4F72-B1E2-83AF0E662FA8}.Debug|iPhoneSimulator.Deploy.0 = Debug|Any CPU
		{68458794-4C40-4F72-B1E2-83AF0E662FA8}.Release|Any CPU.ActiveCfg = Release|Any CPU
		{68458794-4C40-4F72-B1E2-83AF0E662FA8}.Release|Any CPU.Build.0 = Release|Any CPU
		{68458794-4C40-4F72-B1E2-83AF0E662FA8}.Release|Any CPU.Deploy.0 = Release|Any CPU
		{68458794-4C40-4F72-B1E2-83AF0E662FA8}.Release|iPhone.ActiveCfg = Release|Any CPU
		{68458794-4C40-4F72-B1E2-83AF0E662FA8}.Release|iPhone.Build.0 = Release|Any CPU
		{68458794-4C40-4F72-B1E2-83AF0E662FA8}.Release|iPhone.Deploy.0 = Release|Any CPU
		{68458794-4C40-4F72-B1E2-83AF0E662FA8}.Release|iPhoneSimulator.ActiveCfg = Release|Any CPU
		{68458794-4C40-4F72-B1E2-83AF0E662FA8}.Release|iPhoneSimulator.Build.0 = Release|Any CPU
		{68458794-4C40-4F72-B1E2-83AF0E662FA8}.Release|iPhoneSimulator.Deploy.0 = Release|Any CPU
	EndGlobalSection
	GlobalSection(SolutionProperties) = preSolution
		HideSolutionNode = FALSE
	EndGlobalSection
	GlobalSection(ExtensibilityGlobals) = postSolution
		SolutionGuid = {4EBC4E2E-A144-4EB3-86EE-BC2FDC3D47A2}
	EndGlobalSection
EndGlobal
